
Microsoft Visual Studio Solution File, Format Version 12.00
# Visual Studio Version 16
VisualStudioVersion = 16.0.28803.156
MinimumVisualStudioVersion = 10.0.40219.1
Project("{FAE04EC0-301F-11D3-BF4B-00C04F79EFBC}") = "IncludeToolbox", "IncludeToolbox\IncludeToolbox.csproj", "{F9E250C6-A7AD-4888-8F17-6876736B8DCF}"
EndProject
Project("{FAE04EC0-301F-11D3-BF4B-00C04F79EFBC}") = "Tests", "Tests\Tests.csproj", "{F577F5D2-5E3C-43BE-9030-AF2609A0917A}"
EndProject
Global
	GlobalSection(SolutionConfigurationPlatforms) = preSolution
		Debug|Any CPU = Debug|Any CPU
		Release|Any CPU = Release|Any CPU
	EndGlobalSection
	GlobalSection(ProjectConfigurationPlatforms) = postSolution
		{F9E250C6-A7AD-4888-8F17-6876736B8DCF}.Debug|Any CPU.ActiveCfg = Debug|Any CPU
		{F9E250C6-A7AD-4888-8F17-6876736B8DCF}.Debug|Any CPU.Build.0 = Debug|Any CPU
		{F9E250C6-A7AD-4888-8F17-6876736B8DCF}.Release|Any CPU.ActiveCfg = Release|Any CPU
		{F9E250C6-A7AD-4888-8F17-6876736B8DCF}.Release|Any CPU.Build.0 = Release|Any CPU
		{F577F5D2-5E3C-43BE-9030-AF2609A0917A}.Debug|Any CPU.ActiveCfg = Debug|Any CPU
		{F577F5D2-5E3C-43BE-9030-AF2609A0917A}.Debug|Any CPU.Build.0 = Debug|Any CPU
		{F577F5D2-5E3C-43BE-9030-AF2609A0917A}.Release|Any CPU.ActiveCfg = Release|Any CPU
		{F577F5D2-5E3C-43BE-9030-AF2609A0917A}.Release|Any CPU.Build.0 = Release|Any CPU
	EndGlobalSection
	GlobalSection(SolutionProperties) = preSolution
		HideSolutionNode = FALSE
	EndGlobalSection
	GlobalSection(ExtensibilityGlobals) = postSolution
		SolutionGuid = {87A2994A-8E27-4066-8C05-7E4DD461D23D}
	EndGlobalSection
EndGlobal
